
Microsoft Visual Studio Solution File, Format Version 12.00
# Visual Studio Version 16
VisualStudioVersion = 16.0.30804.86
MinimumVisualStudioVersion = 10.0.40219.1
Project("{FAE04EC0-301F-11D3-BF4B-00C04F79EFBC}") = "rps", "rps\rps.csproj", "{46611D69-A065-42C8-9AE9-795DA3E5D423}"
EndProject
Global
	GlobalSection(SolutionConfigurationPlatforms) = preSolution
		Debug|Any CPU = Debug|Any CPU
		Release|Any CPU = Release|Any CPU
	EndGlobalSection
	GlobalSection(ProjectConfigurationPlatforms) = postSolution
		{46611D69-A065-42C8-9AE9-795DA3E5D423}.Debug|Any CPU.ActiveCfg = Debug|Any CPU
		{46611D69-A065-42C8-9AE9-795DA3E5D423}.Debug|Any CPU.Build.0 = Debug|Any CPU
		{46611D69-A065-42C8-9AE9-795DA3E5D423}.Release|Any CPU.ActiveCfg = Release|Any CPU
		{46611D69-A065-42C8-9AE9-795DA3E5D423}.Release|Any CPU.Build.0 = Release|Any CPU
	EndGlobalSection
	GlobalSection(SolutionProperties) = preSolution
		HideSolutionNode = FALSE
	EndGlobalSection
	GlobalSection(ExtensibilityGlobals) = postSolution
		SolutionGuid = {3494D84C-1151-492D-A8AB-779B5C538EF4}
	EndGlobalSection
EndGlobal
